
Microsoft Visual Studio Solution File, Format Version 12.00
# Visual Studio Version 17
VisualStudioVersion = 17.0.32014.148
MinimumVisualStudioVersion = 10.0.40219.1
Project("{FAE04EC0-301F-11D3-BF4B-00C04F79EFBC}") = "Binary.API", "Binary.API\Binary.API.csproj", "{A7974AA5-90C4-41EB-BA67-5F1C1F57B3E9}"
EndProject
Project("{FAE04EC0-301F-11D3-BF4B-00C04F79EFBC}") = "Service", "Service\Service.csproj", "{BC56E900-38CC-49B7-9AA9-7E9F27E336BD}"
EndProject
Project("{FAE04EC0-301F-11D3-BF4B-00C04F79EFBC}") = "Data", "Data\Data.csproj", "{D980032A-6806-41B5-AAF2-94FA5CA475E8}"
EndProject
Global
	GlobalSection(SolutionConfigurationPlatforms) = preSolution
		Debug|Any CPU = Debug|Any CPU
		Release|Any CPU = Release|Any CPU
	EndGlobalSection
	GlobalSection(ProjectConfigurationPlatforms) = postSolution
		{A7974AA5-90C4-41EB-BA67-5F1C1F57B3E9}.Debug|Any CPU.ActiveCfg = Debug|Any CPU
		{A7974AA5-90C4-41EB-BA67-5F1C1F57B3E9}.Debug|Any CPU.Build.0 = Debug|Any CPU
		{A7974AA5-90C4-41EB-BA67-5F1C1F57B3E9}.Release|Any CPU.ActiveCfg = Release|Any CPU
		{A7974AA5-90C4-41EB-BA67-5F1C1F57B3E9}.Release|Any CPU.Build.0 = Release|Any CPU
		{BC56E900-38CC-49B7-9AA9-7E9F27E336BD}.Debug|Any CPU.ActiveCfg = Debug|Any CPU
		{BC56E900-38CC-49B7-9AA9-7E9F27E336BD}.Debug|Any CPU.Build.0 = Debug|Any CPU
		{BC56E900-38CC-49B7-9AA9-7E9F27E336BD}.Release|Any CPU.ActiveCfg = Release|Any CPU
		{BC56E900-38CC-49B7-9AA9-7E9F27E336BD}.Release|Any CPU.Build.0 = Release|Any CPU
		{D980032A-6806-41B5-AAF2-94FA5CA475E8}.Debug|Any CPU.ActiveCfg = Debug|Any CPU
		{D980032A-6806-41B5-AAF2-94FA5CA475E8}.Debug|Any CPU.Build.0 = Debug|Any CPU
		{D980032A-6806-41B5-AAF2-94FA5CA475E8}.Release|Any CPU.ActiveCfg = Release|Any CPU
		{D980032A-6806-41B5-AAF2-94FA5CA475E8}.Release|Any CPU.Build.0 = Release|Any CPU
	EndGlobalSection
	GlobalSection(SolutionProperties) = preSolution
		HideSolutionNode = FALSE
	EndGlobalSection
	GlobalSection(ExtensibilityGlobals) = postSolution
		SolutionGuid = {84E2D931-5080-4D81-90CF-41EE49B016CF}
	EndGlobalSection
EndGlobal
